
Microsoft Visual Studio Solution File, Format Version 12.00
# Visual Studio Version 17
VisualStudioVersion = 17.11.35327.3
MinimumVisualStudioVersion = 10.0.40219.1
Project("{9A19103F-16F7-4668-BE54-9A1E7A4F7556}") = "Lab_1_", "Lab_1_\Lab_1_.csproj", "{B4302C1D-B3E9-419C-AECB-F9A59C2075AB}"
EndProject
Project("{FAE04EC0-301F-11D3-BF4B-00C04F79EFBC}") = "Lab_1.Services", "Lab_1.Services\Lab_1.Services.csproj", "{99B27DB7-49C6-4DA1-8552-37B13D29D4D6}"
EndProject
Global
	GlobalSection(SolutionConfigurationPlatforms) = preSolution
		Debug|Any CPU = Debug|Any CPU
		Release|Any CPU = Release|Any CPU
	EndGlobalSection
	GlobalSection(ProjectConfigurationPlatforms) = postSolution
		{B4302C1D-B3E9-419C-AECB-F9A59C2075AB}.Debug|Any CPU.ActiveCfg = Debug|Any CPU
		{B4302C1D-B3E9-419C-AECB-F9A59C2075AB}.Debug|Any CPU.Build.0 = Debug|Any CPU
		{B4302C1D-B3E9-419C-AECB-F9A59C2075AB}.Release|Any CPU.ActiveCfg = Release|Any CPU
		{B4302C1D-B3E9-419C-AECB-F9A59C2075AB}.Release|Any CPU.Build.0 = Release|Any CPU
		{99B27DB7-49C6-4DA1-8552-37B13D29D4D6}.Debug|Any CPU.ActiveCfg = Debug|Any CPU
		{99B27DB7-49C6-4DA1-8552-37B13D29D4D6}.Debug|Any CPU.Build.0 = Debug|Any CPU
		{99B27DB7-49C6-4DA1-8552-37B13D29D4D6}.Release|Any CPU.ActiveCfg = Release|Any CPU
		{99B27DB7-49C6-4DA1-8552-37B13D29D4D6}.Release|Any CPU.Build.0 = Release|Any CPU
	EndGlobalSection
	GlobalSection(SolutionProperties) = preSolution
		HideSolutionNode = FALSE
	EndGlobalSection
	GlobalSection(ExtensibilityGlobals) = postSolution
		SolutionGuid = {C251B16B-7D06-4A87-A74A-725FFA77B839}
	EndGlobalSection
EndGlobal
